
Microsoft Visual Studio Solution File, Format Version 12.00
# Visual Studio Version 17
VisualStudioVersion = 17.8.34309.116
MinimumVisualStudioVersion = 10.0.40219.1
Project("{FAE04EC0-301F-11D3-BF4B-00C04F79EFBC}") = "HW_CSharp_3.9", "HW_CSharp_3.9.csproj", "{6EC8CE94-CC68-4CBC-A408-8738910E1C09}"
EndProject
Global
	GlobalSection(SolutionConfigurationPlatforms) = preSolution
		Debug|Any CPU = Debug|Any CPU
		Release|Any CPU = Release|Any CPU
	EndGlobalSection
	GlobalSection(ProjectConfigurationPlatforms) = postSolution
		{6EC8CE94-CC68-4CBC-A408-8738910E1C09}.Debug|Any CPU.ActiveCfg = Debug|Any CPU
		{6EC8CE94-CC68-4CBC-A408-8738910E1C09}.Debug|Any CPU.Build.0 = Debug|Any CPU
		{6EC8CE94-CC68-4CBC-A408-8738910E1C09}.Release|Any CPU.ActiveCfg = Release|Any CPU
		{6EC8CE94-CC68-4CBC-A408-8738910E1C09}.Release|Any CPU.Build.0 = Release|Any CPU
	EndGlobalSection
	GlobalSection(SolutionProperties) = preSolution
		HideSolutionNode = FALSE
	EndGlobalSection
	GlobalSection(ExtensibilityGlobals) = postSolution
		SolutionGuid = {B9B9CA13-EF3E-46DF-B418-9C1D0C48F696}
	EndGlobalSection
EndGlobal
